// !$*UTF8*$!
{
	archiveVersion = 1;
	classes = {
	};
	objectVersion = 77;
	objects = {

/* Begin PBXBuildFile section */
		17FDDB802D9F7C0D00BD4798 /* FirebaseAnalytics in Frameworks */ = {isa = PBXBuildFile; productRef = 17FDDB7F2D9F7C0D00BD4798 /* FirebaseAnalytics */; };
		17FDDB822D9F7C0D00BD4798 /* FirebaseAnalyticsOnDeviceConversion in Frameworks */ = {isa = PBXBuildFile; productRef = 17FDDB812D9F7C0D00BD4798 /* FirebaseAnalyticsOnDeviceConversion */; };
		17FDDB842D9F7C0D00BD4798 /* FirebaseAnalyticsWithoutAdIdSupport in Frameworks */ = {isa = PBXBuildFile; productRef = 17FDDB832D9F7C0D00BD4798 /* FirebaseAnalyticsWithoutAdIdSupport */; };
		17FDDB862D9F7C0D00BD4798 /* FirebaseAppCheck in Frameworks */ = {isa = PBXBuildFile; productRef = 17FDDB852D9F7C0D00BD4798 /* FirebaseAppCheck */; };
		17FDDB882D9F7C0D00BD4798 /* FirebaseAppDistribution-Beta in Frameworks */ = {isa = PBXBuildFile; productRef = 17FDDB872D9F7C0D00BD4798 /* FirebaseAppDistribution-Beta */; };
		17FDDB8A2D9F7C0D00BD4798 /* FirebaseAuth in Frameworks */ = {isa = PBXBuildFile; productRef = 17FDDB892D9F7C0D00BD4798 /* FirebaseAuth */; };
		17FDDB8C2D9F7C0D00BD4798 /* FirebaseAuthCombine-Community in Frameworks */ = {isa = PBXBuildFile; productRef = 17FDDB8B2D9F7C0D00BD4798 /* FirebaseAuthCombine-Community */; };
		17FDDB8E2D9F7C0D00BD4798 /* FirebaseCore in Frameworks */ = {isa = PBXBuildFile; productRef = 17FDDB8D2D9F7C0D00BD4798 /* FirebaseCore */; };
		17FDDB902D9F7C0D00BD4798 /* FirebaseCrashlytics in Frameworks */ = {isa = PBXBuildFile; productRef = 17FDDB8F2D9F7C0D00BD4798 /* FirebaseCrashlytics */; };
		17FDDB922D9F7C0D00BD4798 /* FirebaseDatabase in Frameworks */ = {isa = PBXBuildFile; productRef = 17FDDB912D9F7C0D00BD4798 /* FirebaseDatabase */; };
		17FDDB942D9F7C0D00BD4798 /* FirebaseDynamicLinks in Frameworks */ = {isa = PBXBuildFile; productRef = 17FDDB932D9F7C0D00BD4798 /* FirebaseDynamicLinks */; };
		17FDDB962D9F7C0D00BD4798 /* FirebaseFirestore in Frameworks */ = {isa = PBXBuildFile; productRef = 17FDDB952D9F7C0D00BD4798 /* FirebaseFirestore */; };
		17FDDB982D9F7C0D00BD4798 /* FirebaseFirestoreCombine-Community in Frameworks */ = {isa = PBXBuildFile; productRef = 17FDDB972D9F7C0D00BD4798 /* FirebaseFirestoreCombine-Community */; };
		17FDDB9A2D9F7C0D00BD4798 /* FirebaseFunctions in Frameworks */ = {isa = PBXBuildFile; productRef = 17FDDB992D9F7C0D00BD4798 /* FirebaseFunctions */; };
		17FDDB9C2D9F7C0D00BD4798 /* FirebaseFunctionsCombine-Community in Frameworks */ = {isa = PBXBuildFile; productRef = 17FDDB9B2D9F7C0D00BD4798 /* FirebaseFunctionsCombine-Community */; };
		17FDDB9E2D9F7C0D00BD4798 /* FirebaseInAppMessaging-Beta in Frameworks */ = {isa = PBXBuildFile; productRef = 17FDDB9D2D9F7C0D00BD4798 /* FirebaseInAppMessaging-Beta */; };
		17FDDBA02D9F7C0D00BD4798 /* FirebaseInstallations in Frameworks */ = {isa = PBXBuildFile; productRef = 17FDDB9F2D9F7C0D00BD4798 /* FirebaseInstallations */; };
		17FDDBA22D9F7C0D00BD4798 /* FirebaseMLModelDownloader in Frameworks */ = {isa = PBXBuildFile; productRef = 17FDDBA12D9F7C0D00BD4798 /* FirebaseMLModelDownloader */; };
		17FDDBA42D9F7C0D00BD4798 /* FirebaseMessaging in Frameworks */ = {isa = PBXBuildFile; productRef = 17FDDBA32D9F7C0D00BD4798 /* FirebaseMessaging */; };
		17FDDBA62D9F7C0D00BD4798 /* FirebasePerformance in Frameworks */ = {isa = PBXBuildFile; productRef = 17FDDBA52D9F7C0D00BD4798 /* FirebasePerformance */; };
		17FDDBA82D9F7C0D00BD4798 /* FirebaseRemoteConfig in Frameworks */ = {isa = PBXBuildFile; productRef = 17FDDBA72D9F7C0D00BD4798 /* FirebaseRemoteConfig */; };
		17FDDBAA2D9F7C0D00BD4798 /* FirebaseStorage in Frameworks */ = {isa = PBXBuildFile; productRef = 17FDDBA92D9F7C0D00BD4798 /* FirebaseStorage */; };
		17FDDBAC2D9F7C0D00BD4798 /* FirebaseStorageCombine-Community in Frameworks */ = {isa = PBXBuildFile; productRef = 17FDDBAB2D9F7C0D00BD4798 /* FirebaseStorageCombine-Community */; };
		17FDDBAE2D9F7C0D00BD4798 /* FirebaseVertexAI in Frameworks */ = {isa = PBXBuildFile; productRef = 17FDDBAD2D9F7C0D00BD4798 /* FirebaseVertexAI */; };
/* End PBXBuildFile section */

/* Begin PBXFileReference section */
		17FDDB482D9F6F2600BD4798 /* YoutubeGallery.app */ = {isa = PBXFileReference; explicitFileType = wrapper.application; includeInIndex = 0; path = YoutubeGallery.app; sourceTree = BUILT_PRODUCTS_DIR; };
/* End PBXFileReference section */

/* Begin PBXFileSystemSynchronizedRootGroup section */
		17FDDB4A2D9F6F2600BD4798 /* YoutubeGallery */ = {
			isa = PBXFileSystemSynchronizedRootGroup;
			path = YoutubeGallery;
			sourceTree = "<group>";
		};
/* End PBXFileSystemSynchronizedRootGroup section */

/* Begin PBXFrameworksBuildPhase section */
		17FDDB452D9F6F2600BD4798 /* Frameworks */ = {
			isa = PBXFrameworksBuildPhase;
			buildActionMask = 2147483647;
			files = (
				17FDDB982D9F7C0D00BD4798 /* FirebaseFirestoreCombine-Community in Frameworks */,
				17FDDBAE2D9F7C0D00BD4798 /* FirebaseVertexAI in Frameworks */,
				17FDDB9A2D9F7C0D00BD4798 /* FirebaseFunctions in Frameworks */,
				17FDDBA62D9F7C0D00BD4798 /* FirebasePerformance in Frameworks */,
				17FDDBAC2D9F7C0D00BD4798 /* FirebaseStorageCombine-Community in Frameworks */,
				17FDDBA82D9F7C0D00BD4798 /* FirebaseRemoteConfig in Frameworks */,
				17FDDB922D9F7C0D00BD4798 /* FirebaseDatabase in Frameworks */,
				17FDDB942D9F7C0D00BD4798 /* FirebaseDynamicLinks in Frameworks */,
				17FDDB862D9F7C0D00BD4798 /* FirebaseAppCheck in Frameworks */,
				17FDDB8A2D9F7C0D00BD4798 /* FirebaseAuth in Frameworks */,
				17FDDB802D9F7C0D00BD4798 /* FirebaseAnalytics in Frameworks */,
				17FDDB962D9F7C0D00BD4798 /* FirebaseFirestore in Frameworks */,
				17FDDBA42D9F7C0D00BD4798 /* FirebaseMessaging in Frameworks */,
				17FDDBA02D9F7C0D00BD4798 /* FirebaseInstallations in Frameworks */,
				17FDDB9C2D9F7C0D00BD4798 /* FirebaseFunctionsCombine-Community in Frameworks */,
				17FDDB882D9F7C0D00BD4798 /* FirebaseAppDistribution-Beta in Frameworks */,
				17FDDB842D9F7C0D00BD4798 /* FirebaseAnalyticsWithoutAdIdSupport in Frameworks */,
				17FDDB9E2D9F7C0D00BD4798 /* FirebaseInAppMessaging-Beta in Frameworks */,
				17FDDB8C2D9F7C0D00BD4798 /* FirebaseAuthCombine-Community in Frameworks */,
				17FDDB902D9F7C0D00BD4798 /* FirebaseCrashlytics in Frameworks */,
				17FDDBA22D9F7C0D00BD4798 /* FirebaseMLModelDownloader in Frameworks */,
				17FDDBAA2D9F7C0D00BD4798 /* FirebaseStorage in Frameworks */,
				17FDDB8E2D9F7C0D00BD4798 /* FirebaseCore in Frameworks */,
				17FDDB822D9F7C0D00BD4798 /* FirebaseAnalyticsOnDeviceConversion in Frameworks */,
			);
			runOnlyForDeploymentPostprocessing = 0;
		};
/* End PBXFrameworksBuildPhase section */

/* Begin PBXGroup section */
		17FDDB3F2D9F6F2600BD4798 = {
			isa = PBXGroup;
			children = (
				17FDDB4A2D9F6F2600BD4798 /* YoutubeGallery */,
				17FDDB492D9F6F2600BD4798 /* Products */,
			);
			sourceTree = "<group>";
		};
		17FDDB492D9F6F2600BD4798 /* Products */ = {
			isa = PBXGroup;
			children = (
				17FDDB482D9F6F2600BD4798 /* YoutubeGallery.app */,
			);
			name = Products;
			sourceTree = "<group>";
		};
/* End PBXGroup section */

/* Begin PBXNativeTarget section */
		17FDDB472D9F6F2600BD4798 /* YoutubeGallery */ = {
			isa = PBXNativeTarget;
			buildConfigurationList = 17FDDB562D9F6F2700BD4798 /* Build configuration list for PBXNativeTarget "YoutubeGallery" */;
			buildPhases = (
				17FDDB442D9F6F2600BD4798 /* Sources */,
				17FDDB452D9F6F2600BD4798 /* Frameworks */,
				17FDDB462D9F6F2600BD4798 /* Resources */,
			);
			buildRules = (
			);
			dependencies = (
			);
			fileSystemSynchronizedGroups = (
				17FDDB4A2D9F6F2600BD4798 /* YoutubeGallery */,
			);
			name = YoutubeGallery;
			packageProductDependencies = (
				17FDDB7F2D9F7C0D00BD4798 /* FirebaseAnalytics */,
				17FDDB812D9F7C0D00BD4798 /* FirebaseAnalyticsOnDeviceConversion */,
				17FDDB832D9F7C0D00BD4798 /* FirebaseAnalyticsWithoutAdIdSupport */,
				17FDDB852D9F7C0D00BD4798 /* FirebaseAppCheck */,
				17FDDB872D9F7C0D00BD4798 /* FirebaseAppDistribution-Beta */,
				17FDDB892D9F7C0D00BD4798 /* FirebaseAuth */,
				17FDDB8B2D9F7C0D00BD4798 /* FirebaseAuthCombine-Community */,
				17FDDB8D2D9F7C0D00BD4798 /* FirebaseCore */,
				17FDDB8F2D9F7C0D00BD4798 /* FirebaseCrashlytics */,
				17FDDB912D9F7C0D00BD4798 /* FirebaseDatabase */,
				17FDDB932D9F7C0D00BD4798 /* FirebaseDynamicLinks */,
				17FDDB952D9F7C0D00BD4798 /* FirebaseFirestore */,
				17FDDB972D9F7C0D00BD4798 /* FirebaseFirestoreCombine-Community */,
				17FDDB992D9F7C0D00BD4798 /* FirebaseFunctions */,
				17FDDB9B2D9F7C0D00BD4798 /* FirebaseFunctionsCombine-Community */,
				17FDDB9D2D9F7C0D00BD4798 /* FirebaseInAppMessaging-Beta */,
				17FDDB9F2D9F7C0D00BD4798 /* FirebaseInstallations */,
				17FDDBA12D9F7C0D00BD4798 /* FirebaseMLModelDownloader */,
				17FDDBA32D9F7C0D00BD4798 /* FirebaseMessaging */,
				17FDDBA52D9F7C0D00BD4798 /* FirebasePerformance */,
				17FDDBA72D9F7C0D00BD4798 /* FirebaseRemoteConfig */,
				17FDDBA92D9F7C0D00BD4798 /* FirebaseStorage */,
				17FDDBAB2D9F7C0D00BD4798 /* FirebaseStorageCombine-Community */,
				17FDDBAD2D9F7C0D00BD4798 /* FirebaseVertexAI */,
			);
			productName = YoutubeGallery;
			productReference = 17FDDB482D9F6F2600BD4798 /* YoutubeGallery.app */;
			productType = "com.apple.product-type.application";
		};
/* End PBXNativeTarget section */

/* Begin PBXProject section */
		17FDDB402D9F6F2600BD4798 /* Project object */ = {
			isa = PBXProject;
			attributes = {
				BuildIndependentTargetsInParallel = 1;
				LastSwiftUpdateCheck = 1620;
				LastUpgradeCheck = 1620;
				TargetAttributes = {
					17FDDB472D9F6F2600BD4798 = {
						CreatedOnToolsVersion = 16.2;
					};
				};
			};
			buildConfigurationList = 17FDDB432D9F6F2600BD4798 /* Build configuration list for PBXProject "YoutubeGallery" */;
			developmentRegion = en;
			hasScannedForEncodings = 0;
			knownRegions = (
				en,
				Base,
			);
			mainGroup = 17FDDB3F2D9F6F2600BD4798;
			minimizedProjectReferenceProxies = 1;
			packageReferences = (
				17FDDB7E2D9F7C0D00BD4798 /* XCRemoteSwiftPackageReference "firebase-ios-sdk" */,
			);
			preferredProjectObjectVersion = 77;
			productRefGroup = 17FDDB492D9F6F2600BD4798 /* Products */;
			projectDirPath = "";
			projectRoot = "";
			targets = (
				17FDDB472D9F6F2600BD4798 /* YoutubeGallery */,
			);
		};
/* End PBXProject section */

/* Begin PBXResourcesBuildPhase section */
		17FDDB462D9F6F2600BD4798 /* Resources */ = {
			isa = PBXResourcesBuildPhase;
			buildActionMask = 2147483647;
			files = (
			);
			runOnlyForDeploymentPostprocessing = 0;
		};
/* End PBXResourcesBuildPhase section */

/* Begin PBXSourcesBuildPhase section */
		17FDDB442D9F6F2600BD4798 /* Sources */ = {
			isa = PBXSourcesBuildPhase;
			buildActionMask = 2147483647;
			files = (
			);
			runOnlyForDeploymentPostprocessing = 0;
		};
/* End PBXSourcesBuildPhase section */

/* Begin XCBuildConfiguration section */
		17FDDB542D9F6F2700BD4798 /* Debug */ = {
			isa = XCBuildConfiguration;
			buildSettings = {
				ALWAYS_SEARCH_USER_PATHS = NO;
				ASSETCATALOG_COMPILER_GENERATE_SWIFT_ASSET_SYMBOL_EXTENSIONS = YES;
				CLANG_ANALYZER_NONNULL = YES;
				CLANG_ANALYZER_NUMBER_OBJECT_CONVERSION = YES_AGGRESSIVE;
				CLANG_CXX_LANGUAGE_STANDARD = "gnu++20";
				CLANG_ENABLE_MODULES = YES;
				CLANG_ENABLE_OBJC_ARC = YES;
				CLANG_ENABLE_OBJC_WEAK = YES;
				CLANG_WARN_BLOCK_CAPTURE_AUTORELEASING = YES;
				CLANG_WARN_BOOL_CONVERSION = YES;
				CLANG_WARN_COMMA = YES;
				CLANG_WARN_CONSTANT_CONVERSION = YES;
				CLANG_WARN_DEPRECATED_OBJC_IMPLEMENTATIONS = YES;
				CLANG_WARN_DIRECT_OBJC_ISA_USAGE = YES_ERROR;
				CLANG_WARN_DOCUMENTATION_COMMENTS = YES;
				CLANG_WARN_EMPTY_BODY = YES;
				CLANG_WARN_ENUM_CONVERSION = YES;
				CLANG_WARN_INFINITE_RECURSION = YES;
				CLANG_WARN_INT_CONVERSION = YES;
				CLANG_WARN_NON_LITERAL_NULL_CONVERSION = YES;
				CLANG_WARN_OBJC_IMPLICIT_RETAIN_SELF = YES;
				CLANG_WARN_OBJC_LITERAL_CONVERSION = YES;
				CLANG_WARN_OBJC_ROOT_CLASS = YES_ERROR;
				CLANG_WARN_QUOTED_INCLUDE_IN_FRAMEWORK_HEADER = YES;
				CLANG_WARN_RANGE_LOOP_ANALYSIS = YES;
				CLANG_WARN_STRICT_PROTOTYPES = YES;
				CLANG_WARN_SUSPICIOUS_MOVE = YES;
				CLANG_WARN_UNGUARDED_AVAILABILITY = YES_AGGRESSIVE;
				CLANG_WARN_UNREACHABLE_CODE = YES;
				CLANG_WARN__DUPLICATE_METHOD_MATCH = YES;
				COPY_PHASE_STRIP = NO;
				DEBUG_INFORMATION_FORMAT = dwarf;
				ENABLE_STRICT_OBJC_MSGSEND = YES;
				ENABLE_TESTABILITY = YES;
				ENABLE_USER_SCRIPT_SANDBOXING = YES;
				GCC_C_LANGUAGE_STANDARD = gnu17;
				GCC_DYNAMIC_NO_PIC = NO;
				GCC_NO_COMMON_BLOCKS = YES;
				GCC_OPTIMIZATION_LEVEL = 0;
				GCC_PREPROCESSOR_DEFINITIONS = (
					"DEBUG=1",
					"$(inherited)",
				);
				GCC_WARN_64_TO_32_BIT_CONVERSION = YES;
				GCC_WARN_ABOUT_RETURN_TYPE = YES_ERROR;
				GCC_WARN_UNDECLARED_SELECTOR = YES;
				GCC_WARN_UNINITIALIZED_AUTOS = YES_AGGRESSIVE;
				GCC_WARN_UNUSED_FUNCTION = YES;
				GCC_WARN_UNUSED_VARIABLE = YES;
				IPHONEOS_DEPLOYMENT_TARGET = 18.2;
				LOCALIZATION_PREFERS_STRING_CATALOGS = YES;
				MTL_ENABLE_DEBUG_INFO = INCLUDE_SOURCE;
				MTL_FAST_MATH = YES;
				ONLY_ACTIVE_ARCH = YES;
				SDKROOT = iphoneos;
				SWIFT_ACTIVE_COMPILATION_CONDITIONS = "DEBUG $(inherited)";
				SWIFT_OPTIMIZATION_LEVEL = "-Onone";
			};
			name = Debug;
		};
		17FDDB552D9F6F2700BD4798 /* Release */ = {
			isa = XCBuildConfiguration;
			buildSettings = {
				ALWAYS_SEARCH_USER_PATHS = NO;
				ASSETCATALOG_COMPILER_GENERATE_SWIFT_ASSET_SYMBOL_EXTENSIONS = YES;
				CLANG_ANALYZER_NONNULL = YES;
				CLANG_ANALYZER_NUMBER_OBJECT_CONVERSION = YES_AGGRESSIVE;
				CLANG_CXX_LANGUAGE_STANDARD = "gnu++20";
				CLANG_ENABLE_MODULES = YES;
				CLANG_ENABLE_OBJC_ARC = YES;
				CLANG_ENABLE_OBJC_WEAK = YES;
				CLANG_WARN_BLOCK_CAPTURE_AUTORELEASING = YES;
				CLANG_WARN_BOOL_CONVERSION = YES;
				CLANG_WARN_COMMA = YES;
				CLANG_WARN_CONSTANT_CONVERSION = YES;
				CLANG_WARN_DEPRECATED_OBJC_IMPLEMENTATIONS = YES;
				CLANG_WARN_DIRECT_OBJC_ISA_USAGE = YES_ERROR;
				CLANG_WARN_DOCUMENTATION_COMMENTS = YES;
				CLANG_WARN_EMPTY_BODY = YES;
				CLANG_WARN_ENUM_CONVERSION = YES;
				CLANG_WARN_INFINITE_RECURSION = YES;
				CLANG_WARN_INT_CONVERSION = YES;
				CLANG_WARN_NON_LITERAL_NULL_CONVERSION = YES;
				CLANG_WARN_OBJC_IMPLICIT_RETAIN_SELF = YES;
				CLANG_WARN_OBJC_LITERAL_CONVERSION = YES;
				CLANG_WARN_OBJC_ROOT_CLASS = YES_ERROR;
				CLANG_WARN_QUOTED_INCLUDE_IN_FRAMEWORK_HEADER = YES;
				CLANG_WARN_RANGE_LOOP_ANALYSIS = YES;
				CLANG_WARN_STRICT_PROTOTYPES = YES;
				CLANG_WARN_SUSPICIOUS_MOVE = YES;
				CLANG_WARN_UNGUARDED_AVAILABILITY = YES_AGGRESSIVE;
				CLANG_WARN_UNREACHABLE_CODE = YES;
				CLANG_WARN__DUPLICATE_METHOD_MATCH = YES;
				COPY_PHASE_STRIP = NO;
				DEBUG_INFORMATION_FORMAT = "dwarf-with-dsym";
				ENABLE_NS_ASSERTIONS = NO;
				ENABLE_STRICT_OBJC_MSGSEND = YES;
				ENABLE_USER_SCRIPT_SANDBOXING = YES;
				GCC_C_LANGUAGE_STANDARD = gnu17;
				GCC_NO_COMMON_BLOCKS = YES;
				GCC_WARN_64_TO_32_BIT_CONVERSION = YES;
				GCC_WARN_ABOUT_RETURN_TYPE = YES_ERROR;
				GCC_WARN_UNDECLARED_SELECTOR = YES;
				GCC_WARN_UNINITIALIZED_AUTOS = YES_AGGRESSIVE;
				GCC_WARN_UNUSED_FUNCTION = YES;
				GCC_WARN_UNUSED_VARIABLE = YES;
				IPHONEOS_DEPLOYMENT_TARGET = 18.2;
				LOCALIZATION_PREFERS_STRING_CATALOGS = YES;
				MTL_ENABLE_DEBUG_INFO = NO;
				MTL_FAST_MATH = YES;
				SDKROOT = iphoneos;
				SWIFT_COMPILATION_MODE = wholemodule;
				VALIDATE_PRODUCT = YES;
			};
			name = Release;
		};
		17FDDB572D9F6F2700BD4798 /* Debug */ = {
			isa = XCBuildConfiguration;
			buildSettings = {
				ASSETCATALOG_COMPILER_APPICON_NAME = AppIcon;
				ASSETCATALOG_COMPILER_GLOBAL_ACCENT_COLOR_NAME = AccentColor;
				CODE_SIGN_STYLE = Automatic;
				CURRENT_PROJECT_VERSION = 1;
				DEVELOPMENT_ASSET_PATHS = "\"YoutubeGallery/Preview Content\"";
				DEVELOPMENT_TEAM = BKLKB4P5CA;
				ENABLE_PREVIEWS = YES;
				GENERATE_INFOPLIST_FILE = YES;
				INFOPLIST_KEY_UIApplicationSceneManifest_Generation = YES;
				INFOPLIST_KEY_UIApplicationSupportsIndirectInputEvents = YES;
				INFOPLIST_KEY_UILaunchScreen_Generation = YES;
				INFOPLIST_KEY_UISupportedInterfaceOrientations_iPad = "UIInterfaceOrientationPortrait UIInterfaceOrientationPortraitUpsideDown UIInterfaceOrientationLandscapeLeft UIInterfaceOrientationLandscapeRight";
				INFOPLIST_KEY_UISupportedInterfaceOrientations_iPhone = "UIInterfaceOrientationPortrait UIInterfaceOrientationLandscapeLeft UIInterfaceOrientationLandscapeRight";
				LD_RUNPATH_SEARCH_PATHS = (
					"$(inherited)",
					"@executable_path/Frameworks",
				);
				MARKETING_VERSION = 1.0;
				PRODUCT_BUNDLE_IDENTIFIER = ryro.YoutubeGallery;
				PRODUCT_NAME = "$(TARGET_NAME)";
				SWIFT_EMIT_LOC_STRINGS = YES;
				SWIFT_VERSION = 5.0;
				TARGETED_DEVICE_FAMILY = "1,2";
			};
			name = Debug;
		};
		17FDDB582D9F6F2700BD4798 /* Release */ = {
			isa = XCBuildConfiguration;
			buildSettings = {
				ASSETCATALOG_COMPILER_APPICON_NAME = AppIcon;
				ASSETCATALOG_COMPILER_GLOBAL_ACCENT_COLOR_NAME = AccentColor;
				CODE_SIGN_STYLE = Automatic;
				CURRENT_PROJECT_VERSION = 1;
				DEVELOPMENT_ASSET_PATHS = "\"YoutubeGallery/Preview Content\"";
				DEVELOPMENT_TEAM = BKLKB4P5CA;
				ENABLE_PREVIEWS = YES;
				GENERATE_INFOPLIST_FILE = YES;
				INFOPLIST_KEY_UIApplicationSceneManifest_Generation = YES;
				INFOPLIST_KEY_UIApplicationSupportsIndirectInputEvents = YES;
				INFOPLIST_KEY_UILaunchScreen_Generation = YES;
				INFOPLIST_KEY_UISupportedInterfaceOrientations_iPad = "UIInterfaceOrientationPortrait UIInterfaceOrientationPortraitUpsideDown UIInterfaceOrientationLandscapeLeft UIInterfaceOrientationLandscapeRight";
				INFOPLIST_KEY_UISupportedInterfaceOrientations_iPhone = "UIInterfaceOrientationPortrait UIInterfaceOrientationLandscapeLeft UIInterfaceOrientationLandscapeRight";
				LD_RUNPATH_SEARCH_PATHS = (
					"$(inherited)",
					"@executable_path/Frameworks",
				);
				MARKETING_VERSION = 1.0;
				PRODUCT_BUNDLE_IDENTIFIER = ryro.YoutubeGallery;
				PRODUCT_NAME = "$(TARGET_NAME)";
				SWIFT_EMIT_LOC_STRINGS = YES;
				SWIFT_VERSION = 5.0;
				TARGETED_DEVICE_FAMILY = "1,2";
			};
			name = Release;
		};
/* End XCBuildConfiguration section */

/* Begin XCConfigurationList section */
		17FDDB432D9F6F2600BD4798 /* Build configuration list for PBXProject "YoutubeGallery" */ = {
			isa = XCConfigurationList;
			buildConfigurations = (
				17FDDB542D9F6F2700BD4798 /* Debug */,
				17FDDB552D9F6F2700BD4798 /* Release */,
			);
			defaultConfigurationIsVisible = 0;
			defaultConfigurationName = Release;
		};
		17FDDB562D9F6F2700BD4798 /* Build configuration list for PBXNativeTarget "YoutubeGallery" */ = {
			isa = XCConfigurationList;
			buildConfigurations = (
				17FDDB572D9F6F2700BD4798 /* Debug */,
				17FDDB582D9F6F2700BD4798 /* Release */,
			);
			defaultConfigurationIsVisible = 0;
			defaultConfigurationName = Release;
		};
/* End XCConfigurationList section */

/* Begin XCRemoteSwiftPackageReference section */
		17FDDB7E2D9F7C0D00BD4798 /* XCRemoteSwiftPackageReference "firebase-ios-sdk" */ = {
			isa = XCRemoteSwiftPackageReference;
			repositoryURL = "https://github.com/firebase/firebase-ios-sdk.git";
			requirement = {
				kind = upToNextMajorVersion;
				minimumVersion = 11.11.0;
			};
		};
/* End XCRemoteSwiftPackageReference section */

/* Begin XCSwiftPackageProductDependency section */
		17FDDB7F2D9F7C0D00BD4798 /* FirebaseAnalytics */ = {
			isa = XCSwiftPackageProductDependency;
			package = 17FDDB7E2D9F7C0D00BD4798 /* XCRemoteSwiftPackageReference "firebase-ios-sdk" */;
			productName = FirebaseAnalytics;
		};
		17FDDB812D9F7C0D00BD4798 /* FirebaseAnalyticsOnDeviceConversion */ = {
			isa = XCSwiftPackageProductDependency;
			package = 17FDDB7E2D9F7C0D00BD4798 /* XCRemoteSwiftPackageReference "firebase-ios-sdk" */;
			productName = FirebaseAnalyticsOnDeviceConversion;
		};
		17FDDB832D9F7C0D00BD4798 /* FirebaseAnalyticsWithoutAdIdSupport */ = {
			isa = XCSwiftPackageProductDependency;
			package = 17FDDB7E2D9F7C0D00BD4798 /* XCRemoteSwiftPackageReference "firebase-ios-sdk" */;
			productName = FirebaseAnalyticsWithoutAdIdSupport;
		};
		17FDDB852D9F7C0D00BD4798 /* FirebaseAppCheck */ = {
			isa = XCSwiftPackageProductDependency;
			package = 17FDDB7E2D9F7C0D00BD4798 /* XCRemoteSwiftPackageReference "firebase-ios-sdk" */;
			productName = FirebaseAppCheck;
		};
		17FDDB872D9F7C0D00BD4798 /* FirebaseAppDistribution-Beta */ = {
			isa = XCSwiftPackageProductDependency;
			package = 17FDDB7E2D9F7C0D00BD4798 /* XCRemoteSwiftPackageReference "firebase-ios-sdk" */;
			productName = "FirebaseAppDistribution-Beta";
		};
		17FDDB892D9F7C0D00BD4798 /* FirebaseAuth */ = {
			isa = XCSwiftPackageProductDependency;
			package = 17FDDB7E2D9F7C0D00BD4798 /* XCRemoteSwiftPackageReference "firebase-ios-sdk" */;
			productName = FirebaseAuth;
		};
		17FDDB8B2D9F7C0D00BD4798 /* FirebaseAuthCombine-Community */ = {
			isa = XCSwiftPackageProductDependency;
			package = 17FDDB7E2D9F7C0D00BD4798 /* XCRemoteSwiftPackageReference "firebase-ios-sdk" */;
			productName = "FirebaseAuthCombine-Community";
		};
		17FDDB8D2D9F7C0D00BD4798 /* FirebaseCore */ = {
			isa = XCSwiftPackageProductDependency;
			package = 17FDDB7E2D9F7C0D00BD4798 /* XCRemoteSwiftPackageReference "firebase-ios-sdk" */;
			productName = FirebaseCore;
		};
		17FDDB8F2D9F7C0D00BD4798 /* FirebaseCrashlytics */ = {
			isa = XCSwiftPackageProductDependency;
			package = 17FDDB7E2D9F7C0D00BD4798 /* XCRemoteSwiftPackageReference "firebase-ios-sdk" */;
			productName = FirebaseCrashlytics;
		};
		17FDDB912D9F7C0D00BD4798 /* FirebaseDatabase */ = {
			isa = XCSwiftPackageProductDependency;
			package = 17FDDB7E2D9F7C0D00BD4798 /* XCRemoteSwiftPackageReference "firebase-ios-sdk" */;
			productName = FirebaseDatabase;
		};
		17FDDB932D9F7C0D00BD4798 /* FirebaseDynamicLinks */ = {
			isa = XCSwiftPackageProductDependency;
			package = 17FDDB7E2D9F7C0D00BD4798 /* XCRemoteSwiftPackageReference "firebase-ios-sdk" */;
			productName = FirebaseDynamicLinks;
		};
		17FDDB952D9F7C0D00BD4798 /* FirebaseFirestore */ = {
			isa = XCSwiftPackageProductDependency;
			package = 17FDDB7E2D9F7C0D00BD4798 /* XCRemoteSwiftPackageReference "firebase-ios-sdk" */;
			productName = FirebaseFirestore;
		};
		17FDDB972D9F7C0D00BD4798 /* FirebaseFirestoreCombine-Community */ = {
			isa = XCSwiftPackageProductDependency;
			package = 17FDDB7E2D9F7C0D00BD4798 /* XCRemoteSwiftPackageReference "firebase-ios-sdk" */;
			productName = "FirebaseFirestoreCombine-Community";
		};
		17FDDB992D9F7C0D00BD4798 /* FirebaseFunctions */ = {
			isa = XCSwiftPackageProductDependency;
			package = 17FDDB7E2D9F7C0D00BD4798 /* XCRemoteSwiftPackageReference "firebase-ios-sdk" */;
			productName = FirebaseFunctions;
		};
		17FDDB9B2D9F7C0D00BD4798 /* FirebaseFunctionsCombine-Community */ = {
			isa = XCSwiftPackageProductDependency;
			package = 17FDDB7E2D9F7C0D00BD4798 /* XCRemoteSwiftPackageReference "firebase-ios-sdk" */;
			productName = "FirebaseFunctionsCombine-Community";
		};
		17FDDB9D2D9F7C0D00BD4798 /* FirebaseInAppMessaging-Beta */ = {
			isa = XCSwiftPackageProductDependency;
			package = 17FDDB7E2D9F7C0D00BD4798 /* XCRemoteSwiftPackageReference "firebase-ios-sdk" */;
			productName = "FirebaseInAppMessaging-Beta";
		};
		17FDDB9F2D9F7C0D00BD4798 /* FirebaseInstallations */ = {
			isa = XCSwiftPackageProductDependency;
			package = 17FDDB7E2D9F7C0D00BD4798 /* XCRemoteSwiftPackageReference "firebase-ios-sdk" */;
			productName = FirebaseInstallations;
		};
		17FDDBA12D9F7C0D00BD4798 /* FirebaseMLModelDownloader */ = {
			isa = XCSwiftPackageProductDependency;
			package = 17FDDB7E2D9F7C0D00BD4798 /* XCRemoteSwiftPackageReference "firebase-ios-sdk" */;
			productName = FirebaseMLModelDownloader;
		};
		17FDDBA32D9F7C0D00BD4798 /* FirebaseMessaging */ = {
			isa = XCSwiftPackageProductDependency;
			package = 17FDDB7E2D9F7C0D00BD4798 /* XCRemoteSwiftPackageReference "firebase-ios-sdk" */;
			productName = FirebaseMessaging;
		};
		17FDDBA52D9F7C0D00BD4798 /* FirebasePerformance */ = {
			isa = XCSwiftPackageProductDependency;
			package = 17FDDB7E2D9F7C0D00BD4798 /* XCRemoteSwiftPackageReference "firebase-ios-sdk" */;
			productName = FirebasePerformance;
		};
		17FDDBA72D9F7C0D00BD4798 /* FirebaseRemoteConfig */ = {
			isa = XCSwiftPackageProductDependency;
			package = 17FDDB7E2D9F7C0D00BD4798 /* XCRemoteSwiftPackageReference "firebase-ios-sdk" */;
			productName = FirebaseRemoteConfig;
		};
		17FDDBA92D9F7C0D00BD4798 /* FirebaseStorage */ = {
			isa = XCSwiftPackageProductDependency;
			package = 17FDDB7E2D9F7C0D00BD4798 /* XCRemoteSwiftPackageReference "firebase-ios-sdk" */;
			productName = FirebaseStorage;
		};
		17FDDBAB2D9F7C0D00BD4798 /* FirebaseStorageCombine-Community */ = {
			isa = XCSwiftPackageProductDependency;
			package = 17FDDB7E2D9F7C0D00BD4798 /* XCRemoteSwiftPackageReference "firebase-ios-sdk" */;
			productName = "FirebaseStorageCombine-Community";
		};
		17FDDBAD2D9F7C0D00BD4798 /* FirebaseVertexAI */ = {
			isa = XCSwiftPackageProductDependency;
			package = 17FDDB7E2D9F7C0D00BD4798 /* XCRemoteSwiftPackageReference "firebase-ios-sdk" */;
			productName = FirebaseVertexAI;
		};
/* End XCSwiftPackageProductDependency section */
	};
	rootObject = 17FDDB402D9F6F2600BD4798 /* Project object */;
}
